// !$*UTF8*$!
{
	archiveVersion = 1;
	classes = {
	};
	objectVersion = 50;
	objects = {

/* Begin PBXBuildFile section */
		266FD2F721CD4691008CCD75 /* AppDelegate.m in Sources */ = {isa = PBXBuildFile; fileRef = 266FD2F621CD4691008CCD75 /* AppDelegate.m */; };
		266FD2FD21CD4691008CCD75 /* Main.storyboard in Resources */ = {isa = PBXBuildFile; fileRef = 266FD2FB21CD4691008CCD75 /* Main.storyboard */; };
		266FD2FF21CD4693008CCD75 /* Assets.xcassets in Resources */ = {isa = PBXBuildFile; fileRef = 266FD2FE21CD4693008CCD75 /* Assets.xcassets */; };
		266FD30221CD4693008CCD75 /* LaunchScreen.storyboard in Resources */ = {isa = PBXBuildFile; fileRef = 266FD30021CD4693008CCD75 /* LaunchScreen.storyboard */; };
		266FD30521CD4693008CCD75 /* main.m in Sources */ = {isa = PBXBuildFile; fileRef = 266FD30421CD4693008CCD75 /* main.m */; };
		266FD30D21CD4A2D008CCD75 /* BBMovie.m in Sources */ = {isa = PBXBuildFile; fileRef = 266FD30C21CD4A2D008CCD75 /* BBMovie.m */; };
		266FD31121CD4C32008CCD75 /* BBMovieController.m in Sources */ = {isa = PBXBuildFile; fileRef = 266FD31021CD4C32008CCD75 /* BBMovieController.m */; };
		266FD31621CD5360008CCD75 /* MovieTableViewController.swift in Sources */ = {isa = PBXBuildFile; fileRef = 266FD31521CD5360008CCD75 /* MovieTableViewController.swift */; };
		266FD31921CD53C3008CCD75 /* MovieTableViewCell.swift in Sources */ = {isa = PBXBuildFile; fileRef = 266FD31821CD53C3008CCD75 /* MovieTableViewCell.swift */; };
		266FD31C21CD6E49008CCD75 /* MovieDetailViewController.swift in Sources */ = {isa = PBXBuildFile; fileRef = 266FD31B21CD6E48008CCD75 /* MovieDetailViewController.swift */; };
/* End PBXBuildFile section */

/* Begin PBXFileReference section */
		266FD2F221CD4691008CCD75 /* Assessment4.app */ = {isa = PBXFileReference; explicitFileType = wrapper.application; includeInIndex = 0; path = Assessment4.app; sourceTree = BUILT_PRODUCTS_DIR; };
		266FD2F521CD4691008CCD75 /* AppDelegate.h */ = {isa = PBXFileReference; lastKnownFileType = sourcecode.c.h; path = AppDelegate.h; sourceTree = "<group>"; };
		266FD2F621CD4691008CCD75 /* AppDelegate.m */ = {isa = PBXFileReference; lastKnownFileType = sourcecode.c.objc; path = AppDelegate.m; sourceTree = "<group>"; };
		266FD2FC21CD4691008CCD75 /* Base */ = {isa = PBXFileReference; lastKnownFileType = file.storyboard; name = Base; path = Base.lproj/Main.storyboard; sourceTree = "<group>"; };
		266FD2FE21CD4693008CCD75 /* Assets.xcassets */ = {isa = PBXFileReference; lastKnownFileType = folder.assetcatalog; path = Assets.xcassets; sourceTree = "<group>"; };
		266FD30121CD4693008CCD75 /* Base */ = {isa = PBXFileReference; lastKnownFileType = file.storyboard; name = Base; path = Base.lproj/LaunchScreen.storyboard; sourceTree = "<group>"; };
		266FD30321CD4693008CCD75 /* Info.plist */ = {isa = PBXFileReference; lastKnownFileType = text.plist.xml; path = Info.plist; sourceTree = "<group>"; };
		266FD30421CD4693008CCD75 /* main.m */ = {isa = PBXFileReference; lastKnownFileType = sourcecode.c.objc; path = main.m; sourceTree = "<group>"; };
		266FD30B21CD4A2D008CCD75 /* BBMovie.h */ = {isa = PBXFileReference; lastKnownFileType = sourcecode.c.h; path = BBMovie.h; sourceTree = "<group>"; };
		266FD30C21CD4A2D008CCD75 /* BBMovie.m */ = {isa = PBXFileReference; lastKnownFileType = sourcecode.c.objc; path = BBMovie.m; sourceTree = "<group>"; };
		266FD30F21CD4C32008CCD75 /* BBMovieController.h */ = {isa = PBXFileReference; lastKnownFileType = sourcecode.c.h; path = BBMovieController.h; sourceTree = "<group>"; };
		266FD31021CD4C32008CCD75 /* BBMovieController.m */ = {isa = PBXFileReference; lastKnownFileType = sourcecode.c.objc; path = BBMovieController.m; sourceTree = "<group>"; };
		266FD31421CD5360008CCD75 /* Assessment4-Bridging-Header.h */ = {isa = PBXFileReference; lastKnownFileType = sourcecode.c.h; path = "Assessment4-Bridging-Header.h"; sourceTree = "<group>"; };
		266FD31521CD5360008CCD75 /* MovieTableViewController.swift */ = {isa = PBXFileReference; lastKnownFileType = sourcecode.swift; path = MovieTableViewController.swift; sourceTree = "<group>"; };
		266FD31821CD53C3008CCD75 /* MovieTableViewCell.swift */ = {isa = PBXFileReference; lastKnownFileType = sourcecode.swift; path = MovieTableViewCell.swift; sourceTree = "<group>"; };
		266FD31B21CD6E48008CCD75 /* MovieDetailViewController.swift */ = {isa = PBXFileReference; lastKnownFileType = sourcecode.swift; path = MovieDetailViewController.swift; sourceTree = "<group>"; };
/* End PBXFileReference section */

/* Begin PBXFrameworksBuildPhase section */
		266FD2EF21CD4691008CCD75 /* Frameworks */ = {
			isa = PBXFrameworksBuildPhase;
			buildActionMask = 2147483647;
			files = (
			);
			runOnlyForDeploymentPostprocessing = 0;
		};
/* End PBXFrameworksBuildPhase section */

/* Begin PBXGroup section */
		266FD2E921CD4691008CCD75 = {
			isa = PBXGroup;
			children = (
				266FD2F421CD4691008CCD75 /* Assessment4 */,
				266FD2F321CD4691008CCD75 /* Products */,
			);
			sourceTree = "<group>";
		};
		266FD2F321CD4691008CCD75 /* Products */ = {
			isa = PBXGroup;
			children = (
				266FD2F221CD4691008CCD75 /* Assessment4.app */,
			);
			name = Products;
			sourceTree = "<group>";
		};
		266FD2F421CD4691008CCD75 /* Assessment4 */ = {
			isa = PBXGroup;
			children = (
				266FD2F521CD4691008CCD75 /* AppDelegate.h */,
				266FD2F621CD4691008CCD75 /* AppDelegate.m */,
				266FD31321CD4D0D008CCD75 /* Resources */,
				266FD30E21CD4A53008CCD75 /* Model */,
				266FD31221CD4C39008CCD75 /* ModelController */,
				266FD31A21CD53C9008CCD75 /* Views */,
				266FD31721CD5366008CCD75 /* ViewController */,
				266FD31421CD5360008CCD75 /* Assessment4-Bridging-Header.h */,
			);
			path = Assessment4;
			sourceTree = "<group>";
		};
		266FD30E21CD4A53008CCD75 /* Model */ = {
			isa = PBXGroup;
			children = (
				266FD30B21CD4A2D008CCD75 /* BBMovie.h */,
				266FD30C21CD4A2D008CCD75 /* BBMovie.m */,
			);
			path = Model;
			sourceTree = "<group>";
		};
		266FD31221CD4C39008CCD75 /* ModelController */ = {
			isa = PBXGroup;
			children = (
				266FD30F21CD4C32008CCD75 /* BBMovieController.h */,
				266FD31021CD4C32008CCD75 /* BBMovieController.m */,
			);
			path = ModelController;
			sourceTree = "<group>";
		};
		266FD31321CD4D0D008CCD75 /* Resources */ = {
			isa = PBXGroup;
			children = (
				266FD2FB21CD4691008CCD75 /* Main.storyboard */,
				266FD2FE21CD4693008CCD75 /* Assets.xcassets */,
				266FD30021CD4693008CCD75 /* LaunchScreen.storyboard */,
				266FD30321CD4693008CCD75 /* Info.plist */,
				266FD30421CD4693008CCD75 /* main.m */,
			);
			path = Resources;
			sourceTree = "<group>";
		};
		266FD31721CD5366008CCD75 /* ViewController */ = {
			isa = PBXGroup;
			children = (
				266FD31521CD5360008CCD75 /* MovieTableViewController.swift */,
				266FD31B21CD6E48008CCD75 /* MovieDetailViewController.swift */,
			);
			path = ViewController;
			sourceTree = "<group>";
		};
		266FD31A21CD53C9008CCD75 /* Views */ = {
			isa = PBXGroup;
			children = (
				266FD31821CD53C3008CCD75 /* MovieTableViewCell.swift */,
			);
			path = Views;
			sourceTree = "<group>";
		};
/* End PBXGroup section */

/* Begin PBXNativeTarget section */
		266FD2F121CD4691008CCD75 /* Assessment4 */ = {
			isa = PBXNativeTarget;
			buildConfigurationList = 266FD30821CD4693008CCD75 /* Build configuration list for PBXNativeTarget "Assessment4" */;
			buildPhases = (
				266FD2EE21CD4691008CCD75 /* Sources */,
				266FD2EF21CD4691008CCD75 /* Frameworks */,
				266FD2F021CD4691008CCD75 /* Resources */,
			);
			buildRules = (
			);
			dependencies = (
			);
			name = Assessment4;
			productName = Assessment4;
			productReference = 266FD2F221CD4691008CCD75 /* Assessment4.app */;
			productType = "com.apple.product-type.application";
		};
/* End PBXNativeTarget section */

/* Begin PBXProject section */
		266FD2EA21CD4691008CCD75 /* Project object */ = {
			isa = PBXProject;
			attributes = {
				LastUpgradeCheck = 1010;
				ORGANIZATIONNAME = Brady;
				TargetAttributes = {
					266FD2F121CD4691008CCD75 = {
						CreatedOnToolsVersion = 10.1;
						LastSwiftMigration = 1010;
					};
				};
			};
			buildConfigurationList = 266FD2ED21CD4691008CCD75 /* Build configuration list for PBXProject "Assessment4" */;
			compatibilityVersion = "Xcode 9.3";
			developmentRegion = en;
			hasScannedForEncodings = 0;
			knownRegions = (
				en,
				Base,
			);
			mainGroup = 266FD2E921CD4691008CCD75;
			productRefGroup = 266FD2F321CD4691008CCD75 /* Products */;
			projectDirPath = "";
			projectRoot = "";
			targets = (
				266FD2F121CD4691008CCD75 /* Assessment4 */,
			);
		};
/* End PBXProject section */

/* Begin PBXResourcesBuildPhase section */
		266FD2F021CD4691008CCD75 /* Resources */ = {
			isa = PBXResourcesBuildPhase;
			buildActionMask = 2147483647;
			files = (
				266FD30221CD4693008CCD75 /* LaunchScreen.storyboard in Resources */,
				266FD2FF21CD4693008CCD75 /* Assets.xcassets in Resources */,
				266FD2FD21CD4691008CCD75 /* Main.storyboard in Resources */,
			);
			runOnlyForDeploymentPostprocessing = 0;
		};
/* End PBXResourcesBuildPhase section */

/* Begin PBXSourcesBuildPhase section */
		266FD2EE21CD4691008CCD75 /* Sources */ = {
			isa = PBXSourcesBuildPhase;
			buildActionMask = 2147483647;
			files = (
				266FD31621CD5360008CCD75 /* MovieTableViewController.swift in Sources */,
				266FD30521CD4693008CCD75 /* main.m in Sources */,
				266FD31921CD53C3008CCD75 /* MovieTableViewCell.swift in Sources */,
				266FD2F721CD4691008CCD75 /* AppDelegate.m in Sources */,
				266FD31C21CD6E49008CCD75 /* MovieDetailViewController.swift in Sources */,
				266FD31121CD4C32008CCD75 /* BBMovieController.m in Sources */,
				266FD30D21CD4A2D008CCD75 /* BBMovie.m in Sources */,
			);
			runOnlyForDeploymentPostprocessing = 0;
		};
/* End PBXSourcesBuildPhase section */

/* Begin PBXVariantGroup section */
		266FD2FB21CD4691008CCD75 /* Main.storyboard */ = {
			isa = PBXVariantGroup;
			children = (
				266FD2FC21CD4691008CCD75 /* Base */,
			);
			name = Main.storyboard;
			sourceTree = "<group>";
		};
		266FD30021CD4693008CCD75 /* LaunchScreen.storyboard */ = {
			isa = PBXVariantGroup;
			children = (
				266FD30121CD4693008CCD75 /* Base */,
			);
			name = LaunchScreen.storyboard;
			sourceTree = "<group>";
		};
/* End PBXVariantGroup section */

/* Begin XCBuildConfiguration section */
		266FD30621CD4693008CCD75 /* Debug */ = {
			isa = XCBuildConfiguration;
			buildSettings = {
				ALWAYS_SEARCH_USER_PATHS = NO;
				CLANG_ANALYZER_NONNULL = YES;
				CLANG_ANALYZER_NUMBER_OBJECT_CONVERSION = YES_AGGRESSIVE;
				CLANG_CXX_LANGUAGE_STANDARD = "gnu++14";
				CLANG_CXX_LIBRARY = "libc++";
				CLANG_ENABLE_MODULES = YES;
				CLANG_ENABLE_OBJC_ARC = YES;
				CLANG_ENABLE_OBJC_WEAK = YES;
				CLANG_WARN_BLOCK_CAPTURE_AUTORELEASING = YES;
				CLANG_WARN_BOOL_CONVERSION = YES;
				CLANG_WARN_COMMA = YES;
				CLANG_WARN_CONSTANT_CONVERSION = YES;
				CLANG_WARN_DEPRECATED_OBJC_IMPLEMENTATIONS = YES;
				CLANG_WARN_DIRECT_OBJC_ISA_USAGE = YES_ERROR;
				CLANG_WARN_DOCUMENTATION_COMMENTS = YES;
				CLANG_WARN_EMPTY_BODY = YES;
				CLANG_WARN_ENUM_CONVERSION = YES;
				CLANG_WARN_INFINITE_RECURSION = YES;
				CLANG_WARN_INT_CONVERSION = YES;
				CLANG_WARN_NON_LITERAL_NULL_CONVERSION = YES;
				CLANG_WARN_OBJC_IMPLICIT_RETAIN_SELF = YES;
				CLANG_WARN_OBJC_LITERAL_CONVERSION = YES;
				CLANG_WARN_OBJC_ROOT_CLASS = YES_ERROR;
				CLANG_WARN_RANGE_LOOP_ANALYSIS = YES;
				CLANG_WARN_STRICT_PROTOTYPES = YES;
				CLANG_WARN_SUSPICIOUS_MOVE = YES;
				CLANG_WARN_UNGUARDED_AVAILABILITY = YES_AGGRESSIVE;
				CLANG_WARN_UNREACHABLE_CODE = YES;
				CLANG_WARN__DUPLICATE_METHOD_MATCH = YES;
				CODE_SIGN_IDENTITY = "iPhone Developer";
				COPY_PHASE_STRIP = NO;
				DEBUG_INFORMATION_FORMAT = dwarf;
				ENABLE_STRICT_OBJC_MSGSEND = YES;
				ENABLE_TESTABILITY = YES;
				GCC_C_LANGUAGE_STANDARD = gnu11;
				GCC_DYNAMIC_NO_PIC = NO;
				GCC_NO_COMMON_BLOCKS = YES;
				GCC_OPTIMIZATION_LEVEL = 0;
				GCC_PREPROCESSOR_DEFINITIONS = (
					"DEBUG=1",
					"$(inherited)",
				);
				GCC_WARN_64_TO_32_BIT_CONVERSION = YES;
				GCC_WARN_ABOUT_RETURN_TYPE = YES_ERROR;
				GCC_WARN_UNDECLARED_SELECTOR = YES;
				GCC_WARN_UNINITIALIZED_AUTOS = YES_AGGRESSIVE;
				GCC_WARN_UNUSED_FUNCTION = YES;
				GCC_WARN_UNUSED_VARIABLE = YES;
				IPHONEOS_DEPLOYMENT_TARGET = 12.1;
				MTL_ENABLE_DEBUG_INFO = INCLUDE_SOURCE;
				MTL_FAST_MATH = YES;
				ONLY_ACTIVE_ARCH = YES;
				SDKROOT = iphoneos;
			};
			name = Debug;
		};
		266FD30721CD4693008CCD75 /* Release */ = {
			isa = XCBuildConfiguration;
			buildSettings = {
				ALWAYS_SEARCH_USER_PATHS = NO;
				CLANG_ANALYZER_NONNULL = YES;
				CLANG_ANALYZER_NUMBER_OBJECT_CONVERSION = YES_AGGRESSIVE;
				CLANG_CXX_LANGUAGE_STANDARD = "gnu++14";
				CLANG_CXX_LIBRARY = "libc++";
				CLANG_ENABLE_MODULES = YES;
				CLANG_ENABLE_OBJC_ARC = YES;
				CLANG_ENABLE_OBJC_WEAK = YES;
				CLANG_WARN_BLOCK_CAPTURE_AUTORELEASING = YES;
				CLANG_WARN_BOOL_CONVERSION = YES;
				CLANG_WARN_COMMA = YES;
				CLANG_WARN_CONSTANT_CONVERSION = YES;
				CLANG_WARN_DEPRECATED_OBJC_IMPLEMENTATIONS = YES;
				CLANG_WARN_DIRECT_OBJC_ISA_USAGE = YES_ERROR;
				CLANG_WARN_DOCUMENTATION_COMMENTS = YES;
				CLANG_WARN_EMPTY_BODY = YES;
				CLANG_WARN_ENUM_CONVERSION = YES;
				CLANG_WARN_INFINITE_RECURSION = YES;
				CLANG_WARN_INT_CONVERSION = YES;
				CLANG_WARN_NON_LITERAL_NULL_CONVERSION = YES;
				CLANG_WARN_OBJC_IMPLICIT_RETAIN_SELF = YES;
				CLANG_WARN_OBJC_LITERAL_CONVERSION = YES;
				CLANG_WARN_OBJC_ROOT_CLASS = YES_ERROR;
				CLANG_WARN_RANGE_LOOP_ANALYSIS = YES;
				CLANG_WARN_STRICT_PROTOTYPES = YES;
				CLANG_WARN_SUSPICIOUS_MOVE = YES;
				CLANG_WARN_UNGUARDED_AVAILABILITY = YES_AGGRESSIVE;
				CLANG_WARN_UNREACHABLE_CODE = YES;
				CLANG_WARN__DUPLICATE_METHOD_MATCH = YES;
				CODE_SIGN_IDENTITY = "iPhone Developer";
				COPY_PHASE_STRIP = NO;
				DEBUG_INFORMATION_FORMAT = "dwarf-with-dsym";
				ENABLE_NS_ASSERTIONS = NO;
				ENABLE_STRICT_OBJC_MSGSEND = YES;
				GCC_C_LANGUAGE_STANDARD = gnu11;
				GCC_NO_COMMON_BLOCKS = YES;
				GCC_WARN_64_TO_32_BIT_CONVERSION = YES;
				GCC_WARN_ABOUT_RETURN_TYPE = YES_ERROR;
				GCC_WARN_UNDECLARED_SELECTOR = YES;
				GCC_WARN_UNINITIALIZED_AUTOS = YES_AGGRESSIVE;
				GCC_WARN_UNUSED_FUNCTION = YES;
				GCC_WARN_UNUSED_VARIABLE = YES;
				IPHONEOS_DEPLOYMENT_TARGET = 12.1;
				MTL_ENABLE_DEBUG_INFO = NO;
				MTL_FAST_MATH = YES;
				SDKROOT = iphoneos;
				VALIDATE_PRODUCT = YES;
			};
			name = Release;
		};
		266FD30921CD4693008CCD75 /* Debug */ = {
			isa = XCBuildConfiguration;
			buildSettings = {
				ASSETCATALOG_COMPILER_APPICON_NAME = AppIcon;
				CLANG_ENABLE_MODULES = YES;
				CODE_SIGN_STYLE = Automatic;
				INFOPLIST_FILE = "$(SRCROOT)/Assessment4/Resources/Info.plist";
				LD_RUNPATH_SEARCH_PATHS = (
					"$(inherited)",
					"@executable_path/Frameworks",
				);
				PRODUCT_BUNDLE_IDENTIFIER = com.bradybentley.Assessment4;
				PRODUCT_NAME = "$(TARGET_NAME)";
				SWIFT_OBJC_BRIDGING_HEADER = "Assessment4/Assessment4-Bridging-Header.h";
				SWIFT_OPTIMIZATION_LEVEL = "-Onone";
				SWIFT_VERSION = 4.2;
				TARGETED_DEVICE_FAMILY = "1,2";
			};
			name = Debug;
		};
		266FD30A21CD4693008CCD75 /* Release */ = {
			isa = XCBuildConfiguration;
			buildSettings = {
				ASSETCATALOG_COMPILER_APPICON_NAME = AppIcon;
				CLANG_ENABLE_MODULES = YES;
				CODE_SIGN_STYLE = Automatic;
				INFOPLIST_FILE = "$(SRCROOT)/Assessment4/Resources/Info.plist";
				LD_RUNPATH_SEARCH_PATHS = (
					"$(inherited)",
					"@executable_path/Frameworks",
				);
				PRODUCT_BUNDLE_IDENTIFIER = com.bradybentley.Assessment4;
				PRODUCT_NAME = "$(TARGET_NAME)";
				SWIFT_OBJC_BRIDGING_HEADER = "Assessment4/Assessment4-Bridging-Header.h";
				SWIFT_VERSION = 4.2;
				TARGETED_DEVICE_FAMILY = "1,2";
			};
			name = Release;
		};
/* End XCBuildConfiguration section */

/* Begin XCConfigurationList section */
		266FD2ED21CD4691008CCD75 /* Build configuration list for PBXProject "Assessment4" */ = {
			isa = XCConfigurationList;
			buildConfigurations = (
				266FD30621CD4693008CCD75 /* Debug */,
				266FD30721CD4693008CCD75 /* Release */,
			);
			defaultConfigurationIsVisible = 0;
			defaultConfigurationName = Release;
		};
		266FD30821CD4693008CCD75 /* Build configuration list for PBXNativeTarget "Assessment4" */ = {
			isa = XCConfigurationList;
			buildConfigurations = (
				266FD30921CD4693008CCD75 /* Debug */,
				266FD30A21CD4693008CCD75 /* Release */,
			);
			defaultConfigurationIsVisible = 0;
			defaultConfigurationName = Release;
		};
/* End XCConfigurationList section */
	};
	rootObject = 266FD2EA21CD4691008CCD75 /* Project object */;
}
